
Microsoft Visual Studio Solution File, Format Version 12.00
# Visual Studio Version 16
VisualStudioVersion = 16.0.30011.22
MinimumVisualStudioVersion = 10.0.40219.1
Project("{FAE04EC0-301F-11D3-BF4B-00C04F79EFBC}") = "JessesPizza.Android", "JessesPizza\JessesPizza.Android\JessesPizza.Android.csproj", "{24CE3C36-16B9-426D-AA0C-5961ECF8D88C}"
EndProject
Project("{FAE04EC0-301F-11D3-BF4B-00C04F79EFBC}") = "JessesPizza.iOS", "JessesPizza\JessesPizza.iOS\JessesPizza.iOS.csproj", "{90E19317-FDD8-4A5C-A5EF-5B2721F57347}"
EndProject
Project("{9A19103F-16F7-4668-BE54-9A1E7A4F7556}") = "JessesPizza", "JessesPizza\JessesPizza\JessesPizza.csproj", "{0DB87239-4D17-4E9D-9C73-FCE2CACF8D35}"
EndProject
Project("{9A19103F-16F7-4668-BE54-9A1E7A4F7556}") = "JessesPizza.Core", "JessesPizza.Core\JessesPizza.Core.csproj", "{B450F0D3-4CD9-4CF1-90E4-50801DD11FFD}"
EndProject
Project("{9A19103F-16F7-4668-BE54-9A1E7A4F7556}") = "JessesPizza.Data", "JessesPizza.Data\JessesPizza.Data.csproj", "{4FC558D2-3667-435E-AFE5-A24E455C012B}"
EndProject
Project("{9A19103F-16F7-4668-BE54-9A1E7A4F7556}") = "JessesPizza.MobileApp.Core", "JessesPizza.App.Core\JessesPizza.MobileApp.Core.csproj", "{43F6AF2A-1C9F-4D61-871A-A1DDA05347A1}"
EndProject
Project("{9A19103F-16F7-4668-BE54-9A1E7A4F7556}") = "JessesPizzaKitchen", "JessesPizzaKitchen\JessesPizzaKitchen.csproj", "{C4EE2378-FF44-4F08-B3E1-4662A1AEFCE4}"
EndProject
Project("{FAE04EC0-301F-11D3-BF4B-00C04F79EFBC}") = "JessesPizzaKitchen.Android", "JessesPizzaKitchen.Android\JessesPizzaKitchen.Android.csproj", "{52970EBB-FB45-4AEE-B161-D55C92059C70}"
EndProject
Project("{FAE04EC0-301F-11D3-BF4B-00C04F79EFBC}") = "JessesPizzaKitchen.iOS", "JessesPizzaKitchen.iOS\JessesPizzaKitchen.iOS.csproj", "{BFEB4CF4-CA15-4CFF-AF85-6E6318C99FA3}"
EndProject
Project("{9A19103F-16F7-4668-BE54-9A1E7A4F7556}") = "JessesPizza.Data.Tests", "JessesPizza.Data.Tests\JessesPizza.Data.Tests.csproj", "{52307EE4-8092-4F48-A270-29D3879F2E4D}"
EndProject
Project("{9A19103F-16F7-4668-BE54-9A1E7A4F7556}") = "JessesPizza.WebApp", "JessesPizza.WebApp\JessesPizza.WebApp.csproj", "{2FF354C2-9C4D-4CA7-A11D-D6D2E6539587}"
EndProject
Project("{9A19103F-16F7-4668-BE54-9A1E7A4F7556}") = "JessesPizza.WebApp.Tests", "JessesPizza.WebApp.Tests\JessesPizza.WebApp.Tests.csproj", "{4BD79E64-19AC-44E6-BF15-3247B7388D1C}"
EndProject
Project("{FAE04EC0-301F-11D3-BF4B-00C04F79EFBC}") = "JessesPizza.TestApp", "JessesPizza.TestApp\JessesPizza.TestApp.csproj", "{94DF5AD4-4D10-47CE-89F7-52B219B6E0AC}"
EndProject
Project("{9A19103F-16F7-4668-BE54-9A1E7A4F7556}") = "JessesApi", "JessesApi\JessesApi.csproj", "{D2F86EA2-CECE-49B2-BDEB-D7BD6B1B0B7C}"
EndProject
Global
	GlobalSection(SolutionConfigurationPlatforms) = preSolution
		Debug|Any CPU = Debug|Any CPU
		Debug|ARM = Debug|ARM
		Debug|iPhone = Debug|iPhone
		Debug|iPhoneSimulator = Debug|iPhoneSimulator
		Debug|x64 = Debug|x64
		Debug|x86 = Debug|x86
		Release|Any CPU = Release|Any CPU
		Release|ARM = Release|ARM
		Release|iPhone = Release|iPhone
		Release|iPhoneSimulator = Release|iPhoneSimulator
		Release|x64 = Release|x64
		Release|x86 = Release|x86
	EndGlobalSection
	GlobalSection(ProjectConfigurationPlatforms) = postSolution
		{24CE3C36-16B9-426D-AA0C-5961ECF8D88C}.Debug|Any CPU.ActiveCfg = Debug|Any CPU
		{24CE3C36-16B9-426D-AA0C-5961ECF8D88C}.Debug|Any CPU.Build.0 = Debug|Any CPU
		{24CE3C36-16B9-426D-AA0C-5961ECF8D88C}.Debug|Any CPU.Deploy.0 = Debug|Any CPU
		{24CE3C36-16B9-426D-AA0C-5961ECF8D88C}.Debug|ARM.ActiveCfg = Debug|Any CPU
		{24CE3C36-16B9-426D-AA0C-5961ECF8D88C}.Debug|ARM.Build.0 = Debug|Any CPU
		{24CE3C36-16B9-426D-AA0C-5961ECF8D88C}.Debug|ARM.Deploy.0 = Debug|Any CPU
		{24CE3C36-16B9-426D-AA0C-5961ECF8D88C}.Debug|iPhone.ActiveCfg = Debug|Any CPU
		{24CE3C36-16B9-426D-AA0C-5961ECF8D88C}.Debug|iPhone.Build.0 = Debug|Any CPU
		{24CE3C36-16B9-426D-AA0C-5961ECF8D88C}.Debug|iPhone.Deploy.0 = Debug|Any CPU
		{24CE3C36-16B9-426D-AA0C-5961ECF8D88C}.Debug|iPhoneSimulator.ActiveCfg = Debug|Any CPU
		{24CE3C36-16B9-426D-AA0C-5961ECF8D88C}.Debug|iPhoneSimulator.Build.0 = Debug|Any CPU
		{24CE3C36-16B9-426D-AA0C-5961ECF8D88C}.Debug|iPhoneSimulator.Deploy.0 = Debug|Any CPU
		{24CE3C36-16B9-426D-AA0C-5961ECF8D88C}.Debug|x64.ActiveCfg = Debug|Any CPU
		{24CE3C36-16B9-426D-AA0C-5961ECF8D88C}.Debug|x64.Build.0 = Debug|Any CPU
		{24CE3C36-16B9-426D-AA0C-5961ECF8D88C}.Debug|x64.Deploy.0 = Debug|Any CPU
		{24CE3C36-16B9-426D-AA0C-5961ECF8D88C}.Debug|x86.ActiveCfg = Debug|Any CPU
		{24CE3C36-16B9-426D-AA0C-5961ECF8D88C}.Debug|x86.Build.0 = Debug|Any CPU
		{24CE3C36-16B9-426D-AA0C-5961ECF8D88C}.Debug|x86.Deploy.0 = Debug|Any CPU
		{24CE3C36-16B9-426D-AA0C-5961ECF8D88C}.Release|Any CPU.ActiveCfg = Release|Any CPU
		{24CE3C36-16B9-426D-AA0C-5961ECF8D88C}.Release|Any CPU.Build.0 = Release|Any CPU
		{24CE3C36-16B9-426D-AA0C-5961ECF8D88C}.Release|Any CPU.Deploy.0 = Release|Any CPU
		{24CE3C36-16B9-426D-AA0C-5961ECF8D88C}.Release|ARM.ActiveCfg = Release|Any CPU
		{24CE3C36-16B9-426D-AA0C-5961ECF8D88C}.Release|ARM.Build.0 = Release|Any CPU
		{24CE3C36-16B9-426D-AA0C-5961ECF8D88C}.Release|ARM.Deploy.0 = Release|Any CPU
		{24CE3C36-16B9-426D-AA0C-5961ECF8D88C}.Release|iPhone.ActiveCfg = Release|Any CPU
		{24CE3C36-16B9-426D-AA0C-5961ECF8D88C}.Release|iPhone.Build.0 = Release|Any CPU
		{24CE3C36-16B9-426D-AA0C-5961ECF8D88C}.Release|iPhone.Deploy.0 = Release|Any CPU
		{24CE3C36-16B9-426D-AA0C-5961ECF8D88C}.Release|iPhoneSimulator.ActiveCfg = Release|Any CPU
		{24CE3C36-16B9-426D-AA0C-5961ECF8D88C}.Release|iPhoneSimulator.Build.0 = Release|Any CPU
		{24CE3C36-16B9-426D-AA0C-5961ECF8D88C}.Release|iPhoneSimulator.Deploy.0 = Release|Any CPU
		{24CE3C36-16B9-426D-AA0C-5961ECF8D88C}.Release|x64.ActiveCfg = Release|Any CPU
		{24CE3C36-16B9-426D-AA0C-5961ECF8D88C}.Release|x64.Build.0 = Release|Any CPU
		{24CE3C36-16B9-426D-AA0C-5961ECF8D88C}.Release|x64.Deploy.0 = Release|Any CPU
		{24CE3C36-16B9-426D-AA0C-5961ECF8D88C}.Release|x86.ActiveCfg = Release|Any CPU
		{24CE3C36-16B9-426D-AA0C-5961ECF8D88C}.Release|x86.Build.0 = Release|Any CPU
		{24CE3C36-16B9-426D-AA0C-5961ECF8D88C}.Release|x86.Deploy.0 = Release|Any CPU
		{90E19317-FDD8-4A5C-A5EF-5B2721F57347}.Debug|Any CPU.ActiveCfg = Debug|iPhoneSimulator
		{90E19317-FDD8-4A5C-A5EF-5B2721F57347}.Debug|Any CPU.Build.0 = Debug|iPhoneSimulator
		{90E19317-FDD8-4A5C-A5EF-5B2721F57347}.Debug|Any CPU.Deploy.0 = Debug|iPhoneSimulator
		{90E19317-FDD8-4A5C-A5EF-5B2721F57347}.Debug|ARM.ActiveCfg = Debug|iPhone
		{90E19317-FDD8-4A5C-A5EF-5B2721F57347}.Debug|ARM.Build.0 = Debug|iPhone
		{90E19317-FDD8-4A5C-A5EF-5B2721F57347}.Debug|ARM.Deploy.0 = Debug|iPhone
		{90E19317-FDD8-4A5C-A5EF-5B2721F57347}.Debug|iPhone.ActiveCfg = Debug|iPhone
		{90E19317-FDD8-4A5C-A5EF-5B2721F57347}.Debug|iPhone.Build.0 = Debug|iPhone
		{90E19317-FDD8-4A5C-A5EF-5B2721F57347}.Debug|iPhone.Deploy.0 = Debug|iPhone
		{90E19317-FDD8-4A5C-A5EF-5B2721F57347}.Debug|iPhoneSimulator.ActiveCfg = Debug|iPhoneSimulator
		{90E19317-FDD8-4A5C-A5EF-5B2721F57347}.Debug|iPhoneSimulator.Build.0 = Debug|iPhoneSimulator
		{90E19317-FDD8-4A5C-A5EF-5B2721F57347}.Debug|iPhoneSimulator.Deploy.0 = Debug|iPhoneSimulator
		{90E19317-FDD8-4A5C-A5EF-5B2721F57347}.Debug|x64.ActiveCfg = Debug|iPhone
		{90E19317-FDD8-4A5C-A5EF-5B2721F57347}.Debug|x64.Build.0 = Debug|iPhone
		{90E19317-FDD8-4A5C-A5EF-5B2721F57347}.Debug|x64.Deploy.0 = Debug|iPhone
		{90E19317-FDD8-4A5C-A5EF-5B2721F57347}.Debug|x86.ActiveCfg = Debug|iPhone
		{90E19317-FDD8-4A5C-A5EF-5B2721F57347}.Debug|x86.Build.0 = Debug|iPhone
		{90E19317-FDD8-4A5C-A5EF-5B2721F57347}.Debug|x86.Deploy.0 = Debug|iPhone
		{90E19317-FDD8-4A5C-A5EF-5B2721F57347}.Release|Any CPU.ActiveCfg = Release|iPhone
		{90E19317-FDD8-4A5C-A5EF-5B2721F57347}.Release|Any CPU.Build.0 = Release|iPhone
		{90E19317-FDD8-4A5C-A5EF-5B2721F57347}.Release|Any CPU.Deploy.0 = Release|iPhone
		{90E19317-FDD8-4A5C-A5EF-5B2721F57347}.Release|ARM.ActiveCfg = Release|iPhone
		{90E19317-FDD8-4A5C-A5EF-5B2721F57347}.Release|ARM.Build.0 = Release|iPhone
		{90E19317-FDD8-4A5C-A5EF-5B2721F57347}.Release|ARM.Deploy.0 = Release|iPhone
		{90E19317-FDD8-4A5C-A5EF-5B2721F57347}.Release|iPhone.ActiveCfg = Release|iPhone
		{90E19317-FDD8-4A5C-A5EF-5B2721F57347}.Release|iPhone.Build.0 = Release|iPhone
		{90E19317-FDD8-4A5C-A5EF-5B2721F57347}.Release|iPhone.Deploy.0 = Release|iPhone
		{90E19317-FDD8-4A5C-A5EF-5B2721F57347}.Release|iPhoneSimulator.ActiveCfg = Release|iPhoneSimulator
		{90E19317-FDD8-4A5C-A5EF-5B2721F57347}.Release|iPhoneSimulator.Build.0 = Release|iPhoneSimulator
		{90E19317-FDD8-4A5C-A5EF-5B2721F57347}.Release|iPhoneSimulator.Deploy.0 = Release|iPhoneSimulator
		{90E19317-FDD8-4A5C-A5EF-5B2721F57347}.Release|x64.ActiveCfg = Release|iPhone
		{90E19317-FDD8-4A5C-A5EF-5B2721F57347}.Release|x64.Build.0 = Release|iPhone
		{90E19317-FDD8-4A5C-A5EF-5B2721F57347}.Release|x64.Deploy.0 = Release|iPhone
		{90E19317-FDD8-4A5C-A5EF-5B2721F57347}.Release|x86.ActiveCfg = Release|iPhone
		{90E19317-FDD8-4A5C-A5EF-5B2721F57347}.Release|x86.Build.0 = Release|iPhone
		{90E19317-FDD8-4A5C-A5EF-5B2721F57347}.Release|x86.Deploy.0 = Release|iPhone
		{0DB87239-4D17-4E9D-9C73-FCE2CACF8D35}.Debug|Any CPU.ActiveCfg = Debug|Any CPU
		{0DB87239-4D17-4E9D-9C73-FCE2CACF8D35}.Debug|Any CPU.Build.0 = Debug|Any CPU
		{0DB87239-4D17-4E9D-9C73-FCE2CACF8D35}.Debug|Any CPU.Deploy.0 = Debug|Any CPU
		{0DB87239-4D17-4E9D-9C73-FCE2CACF8D35}.Debug|ARM.ActiveCfg = Debug|Any CPU
		{0DB87239-4D17-4E9D-9C73-FCE2CACF8D35}.Debug|ARM.Build.0 = Debug|Any CPU
		{0DB87239-4D17-4E9D-9C73-FCE2CACF8D35}.Debug|ARM.Deploy.0 = Debug|Any CPU
		{0DB87239-4D17-4E9D-9C73-FCE2CACF8D35}.Debug|iPhone.ActiveCfg = Debug|Any CPU
		{0DB87239-4D17-4E9D-9C73-FCE2CACF8D35}.Debug|iPhone.Build.0 = Debug|Any CPU
		{0DB87239-4D17-4E9D-9C73-FCE2CACF8D35}.Debug|iPhone.Deploy.0 = Debug|Any CPU
		{0DB87239-4D17-4E9D-9C73-FCE2CACF8D35}.Debug|iPhoneSimulator.ActiveCfg = Debug|Any CPU
		{0DB87239-4D17-4E9D-9C73-FCE2CACF8D35}.Debug|iPhoneSimulator.Build.0 = Debug|Any CPU
		{0DB87239-4D17-4E9D-9C73-FCE2CACF8D35}.Debug|iPhoneSimulator.Deploy.0 = Debug|Any CPU
		{0DB87239-4D17-4E9D-9C73-FCE2CACF8D35}.Debug|x64.ActiveCfg = Debug|Any CPU
		{0DB87239-4D17-4E9D-9C73-FCE2CACF8D35}.Debug|x64.Build.0 = Debug|Any CPU
		{0DB87239-4D17-4E9D-9C73-FCE2CACF8D35}.Debug|x64.Deploy.0 = Debug|Any CPU
		{0DB87239-4D17-4E9D-9C73-FCE2CACF8D35}.Debug|x86.ActiveCfg = Debug|Any CPU
		{0DB87239-4D17-4E9D-9C73-FCE2CACF8D35}.Debug|x86.Build.0 = Debug|Any CPU
		{0DB87239-4D17-4E9D-9C73-FCE2CACF8D35}.Debug|x86.Deploy.0 = Debug|Any CPU
		{0DB87239-4D17-4E9D-9C73-FCE2CACF8D35}.Release|Any CPU.ActiveCfg = Release|Any CPU
		{0DB87239-4D17-4E9D-9C73-FCE2CACF8D35}.Release|Any CPU.Build.0 = Release|Any CPU
		{0DB87239-4D17-4E9D-9C73-FCE2CACF8D35}.Release|Any CPU.Deploy.0 = Release|Any CPU
		{0DB87239-4D17-4E9D-9C73-FCE2CACF8D35}.Release|ARM.ActiveCfg = Release|Any CPU
		{0DB87239-4D17-4E9D-9C73-FCE2CACF8D35}.Release|ARM.Build.0 = Release|Any CPU
		{0DB87239-4D17-4E9D-9C73-FCE2CACF8D35}.Release|ARM.Deploy.0 = Release|Any CPU
		{0DB87239-4D17-4E9D-9C73-FCE2CACF8D35}.Release|iPhone.ActiveCfg = Release|Any CPU
		{0DB87239-4D17-4E9D-9C73-FCE2CACF8D35}.Release|iPhone.Build.0 = Release|Any CPU
		{0DB87239-4D17-4E9D-9C73-FCE2CACF8D35}.Release|iPhone.Deploy.0 = Release|Any CPU
		{0DB87239-4D17-4E9D-9C73-FCE2CACF8D35}.Release|iPhoneSimulator.ActiveCfg = Release|Any CPU
		{0DB87239-4D17-4E9D-9C73-FCE2CACF8D35}.Release|iPhoneSimulator.Build.0 = Release|Any CPU
		{0DB87239-4D17-4E9D-9C73-FCE2CACF8D35}.Release|iPhoneSimulator.Deploy.0 = Release|Any CPU
		{0DB87239-4D17-4E9D-9C73-FCE2CACF8D35}.Release|x64.ActiveCfg = Release|Any CPU
		{0DB87239-4D17-4E9D-9C73-FCE2CACF8D35}.Release|x64.Build.0 = Release|Any CPU
		{0DB87239-4D17-4E9D-9C73-FCE2CACF8D35}.Release|x64.Deploy.0 = Release|Any CPU
		{0DB87239-4D17-4E9D-9C73-FCE2CACF8D35}.Release|x86.ActiveCfg = Release|Any CPU
		{0DB87239-4D17-4E9D-9C73-FCE2CACF8D35}.Release|x86.Build.0 = Release|Any CPU
		{0DB87239-4D17-4E9D-9C73-FCE2CACF8D35}.Release|x86.Deploy.0 = Release|Any CPU
		{B450F0D3-4CD9-4CF1-90E4-50801DD11FFD}.Debug|Any CPU.ActiveCfg = Debug|Any CPU
		{B450F0D3-4CD9-4CF1-90E4-50801DD11FFD}.Debug|Any CPU.Build.0 = Debug|Any CPU
		{B450F0D3-4CD9-4CF1-90E4-50801DD11FFD}.Debug|ARM.ActiveCfg = Debug|Any CPU
		{B450F0D3-4CD9-4CF1-90E4-50801DD11FFD}.Debug|ARM.Build.0 = Debug|Any CPU
		{B450F0D3-4CD9-4CF1-90E4-50801DD11FFD}.Debug|iPhone.ActiveCfg = Debug|Any CPU
		{B450F0D3-4CD9-4CF1-90E4-50801DD11FFD}.Debug|iPhone.Build.0 = Debug|Any CPU
		{B450F0D3-4CD9-4CF1-90E4-50801DD11FFD}.Debug|iPhoneSimulator.ActiveCfg = Debug|Any CPU
		{B450F0D3-4CD9-4CF1-90E4-50801DD11FFD}.Debug|iPhoneSimulator.Build.0 = Debug|Any CPU
		{B450F0D3-4CD9-4CF1-90E4-50801DD11FFD}.Debug|x64.ActiveCfg = Debug|Any CPU
		{B450F0D3-4CD9-4CF1-90E4-50801DD11FFD}.Debug|x64.Build.0 = Debug|Any CPU
		{B450F0D3-4CD9-4CF1-90E4-50801DD11FFD}.Debug|x86.ActiveCfg = Debug|Any CPU
		{B450F0D3-4CD9-4CF1-90E4-50801DD11FFD}.Debug|x86.Build.0 = Debug|Any CPU
		{B450F0D3-4CD9-4CF1-90E4-50801DD11FFD}.Release|Any CPU.ActiveCfg = Release|Any CPU
		{B450F0D3-4CD9-4CF1-90E4-50801DD11FFD}.Release|Any CPU.Build.0 = Release|Any CPU
		{B450F0D3-4CD9-4CF1-90E4-50801DD11FFD}.Release|ARM.ActiveCfg = Release|Any CPU
		{B450F0D3-4CD9-4CF1-90E4-50801DD11FFD}.Release|ARM.Build.0 = Release|Any CPU
		{B450F0D3-4CD9-4CF1-90E4-50801DD11FFD}.Release|iPhone.ActiveCfg = Release|Any CPU
		{B450F0D3-4CD9-4CF1-90E4-50801DD11FFD}.Release|iPhone.Build.0 = Release|Any CPU
		{B450F0D3-4CD9-4CF1-90E4-50801DD11FFD}.Release|iPhoneSimulator.ActiveCfg = Release|Any CPU
		{B450F0D3-4CD9-4CF1-90E4-50801DD11FFD}.Release|iPhoneSimulator.Build.0 = Release|Any CPU
		{B450F0D3-4CD9-4CF1-90E4-50801DD11FFD}.Release|x64.ActiveCfg = Release|Any CPU
		{B450F0D3-4CD9-4CF1-90E4-50801DD11FFD}.Release|x64.Build.0 = Release|Any CPU
		{B450F0D3-4CD9-4CF1-90E4-50801DD11FFD}.Release|x86.ActiveCfg = Release|Any CPU
		{B450F0D3-4CD9-4CF1-90E4-50801DD11FFD}.Release|x86.Build.0 = Release|Any CPU
		{4FC558D2-3667-435E-AFE5-A24E455C012B}.Debug|Any CPU.ActiveCfg = Debug|Any CPU
		{4FC558D2-3667-435E-AFE5-A24E455C012B}.Debug|Any CPU.Build.0 = Debug|Any CPU
		{4FC558D2-3667-435E-AFE5-A24E455C012B}.Debug|ARM.ActiveCfg = Debug|Any CPU
		{4FC558D2-3667-435E-AFE5-A24E455C012B}.Debug|ARM.Build.0 = Debug|Any CPU
		{4FC558D2-3667-435E-AFE5-A24E455C012B}.Debug|iPhone.ActiveCfg = Debug|Any CPU
		{4FC558D2-3667-435E-AFE5-A24E455C012B}.Debug|iPhone.Build.0 = Debug|Any CPU
		{4FC558D2-3667-435E-AFE5-A24E455C012B}.Debug|iPhoneSimulator.ActiveCfg = Debug|Any CPU
		{4FC558D2-3667-435E-AFE5-A24E455C012B}.Debug|iPhoneSimulator.Build.0 = Debug|Any CPU
		{4FC558D2-3667-435E-AFE5-A24E455C012B}.Debug|x64.ActiveCfg = Debug|Any CPU
		{4FC558D2-3667-435E-AFE5-A24E455C012B}.Debug|x64.Build.0 = Debug|Any CPU
		{4FC558D2-3667-435E-AFE5-A24E455C012B}.Debug|x86.ActiveCfg = Debug|Any CPU
		{4FC558D2-3667-435E-AFE5-A24E455C012B}.Debug|x86.Build.0 = Debug|Any CPU
		{4FC558D2-3667-435E-AFE5-A24E455C012B}.Release|Any CPU.ActiveCfg = Release|Any CPU
		{4FC558D2-3667-435E-AFE5-A24E455C012B}.Release|Any CPU.Build.0 = Release|Any CPU
		{4FC558D2-3667-435E-AFE5-A24E455C012B}.Release|ARM.ActiveCfg = Release|Any CPU
		{4FC558D2-3667-435E-AFE5-A24E455C012B}.Release|ARM.Build.0 = Release|Any CPU
		{4FC558D2-3667-435E-AFE5-A24E455C012B}.Release|iPhone.ActiveCfg = Release|Any CPU
		{4FC558D2-3667-435E-AFE5-A24E455C012B}.Release|iPhone.Build.0 = Release|Any CPU
		{4FC558D2-3667-435E-AFE5-A24E455C012B}.Release|iPhoneSimulator.ActiveCfg = Release|Any CPU
		{4FC558D2-3667-435E-AFE5-A24E455C012B}.Release|iPhoneSimulator.Build.0 = Release|Any CPU
		{4FC558D2-3667-435E-AFE5-A24E455C012B}.Release|x64.ActiveCfg = Release|Any CPU
		{4FC558D2-3667-435E-AFE5-A24E455C012B}.Release|x64.Build.0 = Release|Any CPU
		{4FC558D2-3667-435E-AFE5-A24E455C012B}.Release|x86.ActiveCfg = Release|Any CPU
		{4FC558D2-3667-435E-AFE5-A24E455C012B}.Release|x86.Build.0 = Release|Any CPU
		{43F6AF2A-1C9F-4D61-871A-A1DDA05347A1}.Debug|Any CPU.ActiveCfg = Debug|Any CPU
		{43F6AF2A-1C9F-4D61-871A-A1DDA05347A1}.Debug|Any CPU.Build.0 = Debug|Any CPU
		{43F6AF2A-1C9F-4D61-871A-A1DDA05347A1}.Debug|ARM.ActiveCfg = Debug|Any CPU
		{43F6AF2A-1C9F-4D61-871A-A1DDA05347A1}.Debug|ARM.Build.0 = Debug|Any CPU
		{43F6AF2A-1C9F-4D61-871A-A1DDA05347A1}.Debug|iPhone.ActiveCfg = Debug|Any CPU
		{43F6AF2A-1C9F-4D61-871A-A1DDA05347A1}.Debug|iPhone.Build.0 = Debug|Any CPU
		{43F6AF2A-1C9F-4D61-871A-A1DDA05347A1}.Debug|iPhoneSimulator.ActiveCfg = Debug|Any CPU
		{43F6AF2A-1C9F-4D61-871A-A1DDA05347A1}.Debug|iPhoneSimulator.Build.0 = Debug|Any CPU
		{43F6AF2A-1C9F-4D61-871A-A1DDA05347A1}.Debug|x64.ActiveCfg = Debug|Any CPU
		{43F6AF2A-1C9F-4D61-871A-A1DDA05347A1}.Debug|x64.Build.0 = Debug|Any CPU
		{43F6AF2A-1C9F-4D61-871A-A1DDA05347A1}.Debug|x86.ActiveCfg = Debug|Any CPU
		{43F6AF2A-1C9F-4D61-871A-A1DDA05347A1}.Debug|x86.Build.0 = Debug|Any CPU
		{43F6AF2A-1C9F-4D61-871A-A1DDA05347A1}.Release|Any CPU.ActiveCfg = Release|Any CPU
		{43F6AF2A-1C9F-4D61-871A-A1DDA05347A1}.Release|Any CPU.Build.0 = Release|Any CPU
		{43F6AF2A-1C9F-4D61-871A-A1DDA05347A1}.Release|ARM.ActiveCfg = Release|Any CPU
		{43F6AF2A-1C9F-4D61-871A-A1DDA05347A1}.Release|ARM.Build.0 = Release|Any CPU
		{43F6AF2A-1C9F-4D61-871A-A1DDA05347A1}.Release|iPhone.ActiveCfg = Release|Any CPU
		{43F6AF2A-1C9F-4D61-871A-A1DDA05347A1}.Release|iPhone.Build.0 = Release|Any CPU
		{43F6AF2A-1C9F-4D61-871A-A1DDA05347A1}.Release|iPhoneSimulator.ActiveCfg = Release|Any CPU
		{43F6AF2A-1C9F-4D61-871A-A1DDA05347A1}.Release|iPhoneSimulator.Build.0 = Release|Any CPU
		{43F6AF2A-1C9F-4D61-871A-A1DDA05347A1}.Release|x64.ActiveCfg = Release|Any CPU
		{43F6AF2A-1C9F-4D61-871A-A1DDA05347A1}.Release|x64.Build.0 = Release|Any CPU
		{43F6AF2A-1C9F-4D61-871A-A1DDA05347A1}.Release|x86.ActiveCfg = Release|Any CPU
		{43F6AF2A-1C9F-4D61-871A-A1DDA05347A1}.Release|x86.Build.0 = Release|Any CPU
		{C4EE2378-FF44-4F08-B3E1-4662A1AEFCE4}.Debug|Any CPU.ActiveCfg = Debug|Any CPU
		{C4EE2378-FF44-4F08-B3E1-4662A1AEFCE4}.Debug|Any CPU.Build.0 = Debug|Any CPU
		{C4EE2378-FF44-4F08-B3E1-4662A1AEFCE4}.Debug|ARM.ActiveCfg = Debug|Any CPU
		{C4EE2378-FF44-4F08-B3E1-4662A1AEFCE4}.Debug|ARM.Build.0 = Debug|Any CPU
		{C4EE2378-FF44-4F08-B3E1-4662A1AEFCE4}.Debug|iPhone.ActiveCfg = Debug|Any CPU
		{C4EE2378-FF44-4F08-B3E1-4662A1AEFCE4}.Debug|iPhone.Build.0 = Debug|Any CPU
		{C4EE2378-FF44-4F08-B3E1-4662A1AEFCE4}.Debug|iPhoneSimulator.ActiveCfg = Debug|Any CPU
		{C4EE2378-FF44-4F08-B3E1-4662A1AEFCE4}.Debug|iPhoneSimulator.Build.0 = Debug|Any CPU
		{C4EE2378-FF44-4F08-B3E1-4662A1AEFCE4}.Debug|x64.ActiveCfg = Debug|Any CPU
		{C4EE2378-FF44-4F08-B3E1-4662A1AEFCE4}.Debug|x64.Build.0 = Debug|Any CPU
		{C4EE2378-FF44-4F08-B3E1-4662A1AEFCE4}.Debug|x86.ActiveCfg = Debug|Any CPU
		{C4EE2378-FF44-4F08-B3E1-4662A1AEFCE4}.Debug|x86.Build.0 = Debug|Any CPU
		{C4EE2378-FF44-4F08-B3E1-4662A1AEFCE4}.Release|Any CPU.ActiveCfg = Release|Any CPU
		{C4EE2378-FF44-4F08-B3E1-4662A1AEFCE4}.Release|Any CPU.Build.0 = Release|Any CPU
		{C4EE2378-FF44-4F08-B3E1-4662A1AEFCE4}.Release|ARM.ActiveCfg = Release|Any CPU
		{C4EE2378-FF44-4F08-B3E1-4662A1AEFCE4}.Release|ARM.Build.0 = Release|Any CPU
		{C4EE2378-FF44-4F08-B3E1-4662A1AEFCE4}.Release|iPhone.ActiveCfg = Release|Any CPU
		{C4EE2378-FF44-4F08-B3E1-4662A1AEFCE4}.Release|iPhone.Build.0 = Release|Any CPU
		{C4EE2378-FF44-4F08-B3E1-4662A1AEFCE4}.Release|iPhoneSimulator.ActiveCfg = Release|Any CPU
		{C4EE2378-FF44-4F08-B3E1-4662A1AEFCE4}.Release|iPhoneSimulator.Build.0 = Release|Any CPU
		{C4EE2378-FF44-4F08-B3E1-4662A1AEFCE4}.Release|x64.ActiveCfg = Release|Any CPU
		{C4EE2378-FF44-4F08-B3E1-4662A1AEFCE4}.Release|x64.Build.0 = Release|Any CPU
		{C4EE2378-FF44-4F08-B3E1-4662A1AEFCE4}.Release|x86.ActiveCfg = Release|Any CPU
		{C4EE2378-FF44-4F08-B3E1-4662A1AEFCE4}.Release|x86.Build.0 = Release|Any CPU
		{52970EBB-FB45-4AEE-B161-D55C92059C70}.Debug|Any CPU.ActiveCfg = Debug|Any CPU
		{52970EBB-FB45-4AEE-B161-D55C92059C70}.Debug|Any CPU.Build.0 = Debug|Any CPU
		{52970EBB-FB45-4AEE-B161-D55C92059C70}.Debug|Any CPU.Deploy.0 = Debug|Any CPU
		{52970EBB-FB45-4AEE-B161-D55C92059C70}.Debug|ARM.ActiveCfg = Debug|Any CPU
		{52970EBB-FB45-4AEE-B161-D55C92059C70}.Debug|ARM.Build.0 = Debug|Any CPU
		{52970EBB-FB45-4AEE-B161-D55C92059C70}.Debug|ARM.Deploy.0 = Debug|Any CPU
		{52970EBB-FB45-4AEE-B161-D55C92059C70}.Debug|iPhone.ActiveCfg = Debug|Any CPU
		{52970EBB-FB45-4AEE-B161-D55C92059C70}.Debug|iPhone.Build.0 = Debug|Any CPU
		{52970EBB-FB45-4AEE-B161-D55C92059C70}.Debug|iPhone.Deploy.0 = Debug|Any CPU
		{52970EBB-FB45-4AEE-B161-D55C92059C70}.Debug|iPhoneSimulator.ActiveCfg = Debug|Any CPU
		{52970EBB-FB45-4AEE-B161-D55C92059C70}.Debug|iPhoneSimulator.Build.0 = Debug|Any CPU
		{52970EBB-FB45-4AEE-B161-D55C92059C70}.Debug|iPhoneSimulator.Deploy.0 = Debug|Any CPU
		{52970EBB-FB45-4AEE-B161-D55C92059C70}.Debug|x64.ActiveCfg = Debug|Any CPU
		{52970EBB-FB45-4AEE-B161-D55C92059C70}.Debug|x64.Build.0 = Debug|Any CPU
		{52970EBB-FB45-4AEE-B161-D55C92059C70}.Debug|x64.Deploy.0 = Debug|Any CPU
		{52970EBB-FB45-4AEE-B161-D55C92059C70}.Debug|x86.ActiveCfg = Debug|Any CPU
		{52970EBB-FB45-4AEE-B161-D55C92059C70}.Debug|x86.Build.0 = Debug|Any CPU
		{52970EBB-FB45-4AEE-B161-D55C92059C70}.Debug|x86.Deploy.0 = Debug|Any CPU
		{52970EBB-FB45-4AEE-B161-D55C92059C70}.Release|Any CPU.ActiveCfg = Release|Any CPU
		{52970EBB-FB45-4AEE-B161-D55C92059C70}.Release|Any CPU.Build.0 = Release|Any CPU
		{52970EBB-FB45-4AEE-B161-D55C92059C70}.Release|Any CPU.Deploy.0 = Release|Any CPU
		{52970EBB-FB45-4AEE-B161-D55C92059C70}.Release|ARM.ActiveCfg = Release|Any CPU
		{52970EBB-FB45-4AEE-B161-D55C92059C70}.Release|ARM.Build.0 = Release|Any CPU
		{52970EBB-FB45-4AEE-B161-D55C92059C70}.Release|ARM.Deploy.0 = Release|Any CPU
		{52970EBB-FB45-4AEE-B161-D55C92059C70}.Release|iPhone.ActiveCfg = Release|Any CPU
		{52970EBB-FB45-4AEE-B161-D55C92059C70}.Release|iPhone.Build.0 = Release|Any CPU
		{52970EBB-FB45-4AEE-B161-D55C92059C70}.Release|iPhone.Deploy.0 = Release|Any CPU
		{52970EBB-FB45-4AEE-B161-D55C92059C70}.Release|iPhoneSimulator.ActiveCfg = Release|Any CPU
		{52970EBB-FB45-4AEE-B161-D55C92059C70}.Release|iPhoneSimulator.Build.0 = Release|Any CPU
		{52970EBB-FB45-4AEE-B161-D55C92059C70}.Release|iPhoneSimulator.Deploy.0 = Release|Any CPU
		{52970EBB-FB45-4AEE-B161-D55C92059C70}.Release|x64.ActiveCfg = Release|Any CPU
		{52970EBB-FB45-4AEE-B161-D55C92059C70}.Release|x64.Build.0 = Release|Any CPU
		{52970EBB-FB45-4AEE-B161-D55C92059C70}.Release|x64.Deploy.0 = Release|Any CPU
		{52970EBB-FB45-4AEE-B161-D55C92059C70}.Release|x86.ActiveCfg = Release|Any CPU
		{52970EBB-FB45-4AEE-B161-D55C92059C70}.Release|x86.Build.0 = Release|Any CPU
		{52970EBB-FB45-4AEE-B161-D55C92059C70}.Release|x86.Deploy.0 = Release|Any CPU
		{BFEB4CF4-CA15-4CFF-AF85-6E6318C99FA3}.Debug|Any CPU.ActiveCfg = Debug|iPhoneSimulator
		{BFEB4CF4-CA15-4CFF-AF85-6E6318C99FA3}.Debug|Any CPU.Build.0 = Debug|iPhoneSimulator
		{BFEB4CF4-CA15-4CFF-AF85-6E6318C99FA3}.Debug|Any CPU.Deploy.0 = Debug|iPhoneSimulator
		{BFEB4CF4-CA15-4CFF-AF85-6E6318C99FA3}.Debug|ARM.ActiveCfg = Debug|iPhone
		{BFEB4CF4-CA15-4CFF-AF85-6E6318C99FA3}.Debug|iPhone.ActiveCfg = Debug|iPhone
		{BFEB4CF4-CA15-4CFF-AF85-6E6318C99FA3}.Debug|iPhone.Build.0 = Debug|iPhone
		{BFEB4CF4-CA15-4CFF-AF85-6E6318C99FA3}.Debug|iPhone.Deploy.0 = Debug|iPhone
		{BFEB4CF4-CA15-4CFF-AF85-6E6318C99FA3}.Debug|iPhoneSimulator.ActiveCfg = Debug|iPhoneSimulator
		{BFEB4CF4-CA15-4CFF-AF85-6E6318C99FA3}.Debug|iPhoneSimulator.Build.0 = Debug|iPhoneSimulator
		{BFEB4CF4-CA15-4CFF-AF85-6E6318C99FA3}.Debug|x64.ActiveCfg = Debug|iPhone
		{BFEB4CF4-CA15-4CFF-AF85-6E6318C99FA3}.Debug|x86.ActiveCfg = Debug|iPhone
		{BFEB4CF4-CA15-4CFF-AF85-6E6318C99FA3}.Release|Any CPU.ActiveCfg = Release|iPhone
		{BFEB4CF4-CA15-4CFF-AF85-6E6318C99FA3}.Release|ARM.ActiveCfg = Release|iPhone
		{BFEB4CF4-CA15-4CFF-AF85-6E6318C99FA3}.Release|iPhone.ActiveCfg = Release|iPhone
		{BFEB4CF4-CA15-4CFF-AF85-6E6318C99FA3}.Release|iPhone.Build.0 = Release|iPhone
		{BFEB4CF4-CA15-4CFF-AF85-6E6318C99FA3}.Release|iPhoneSimulator.ActiveCfg = Release|iPhoneSimulator
		{BFEB4CF4-CA15-4CFF-AF85-6E6318C99FA3}.Release|iPhoneSimulator.Build.0 = Release|iPhoneSimulator
		{BFEB4CF4-CA15-4CFF-AF85-6E6318C99FA3}.Release|x64.ActiveCfg = Release|iPhone
		{BFEB4CF4-CA15-4CFF-AF85-6E6318C99FA3}.Release|x86.ActiveCfg = Release|iPhone
		{52307EE4-8092-4F48-A270-29D3879F2E4D}.Debug|Any CPU.ActiveCfg = Debug|Any CPU
		{52307EE4-8092-4F48-A270-29D3879F2E4D}.Debug|Any CPU.Build.0 = Debug|Any CPU
		{52307EE4-8092-4F48-A270-29D3879F2E4D}.Debug|ARM.ActiveCfg = Debug|Any CPU
		{52307EE4-8092-4F48-A270-29D3879F2E4D}.Debug|ARM.Build.0 = Debug|Any CPU
		{52307EE4-8092-4F48-A270-29D3879F2E4D}.Debug|iPhone.ActiveCfg = Debug|Any CPU
		{52307EE4-8092-4F48-A270-29D3879F2E4D}.Debug|iPhone.Build.0 = Debug|Any CPU
		{52307EE4-8092-4F48-A270-29D3879F2E4D}.Debug|iPhoneSimulator.ActiveCfg = Debug|Any CPU
		{52307EE4-8092-4F48-A270-29D3879F2E4D}.Debug|iPhoneSimulator.Build.0 = Debug|Any CPU
		{52307EE4-8092-4F48-A270-29D3879F2E4D}.Debug|x64.ActiveCfg = Debug|Any CPU
		{52307EE4-8092-4F48-A270-29D3879F2E4D}.Debug|x64.Build.0 = Debug|Any CPU
		{52307EE4-8092-4F48-A270-29D3879F2E4D}.Debug|x86.ActiveCfg = Debug|Any CPU
		{52307EE4-8092-4F48-A270-29D3879F2E4D}.Debug|x86.Build.0 = Debug|Any CPU
		{52307EE4-8092-4F48-A270-29D3879F2E4D}.Release|Any CPU.ActiveCfg = Release|Any CPU
		{52307EE4-8092-4F48-A270-29D3879F2E4D}.Release|Any CPU.Build.0 = Release|Any CPU
		{52307EE4-8092-4F48-A270-29D3879F2E4D}.Release|ARM.ActiveCfg = Release|Any CPU
		{52307EE4-8092-4F48-A270-29D3879F2E4D}.Release|ARM.Build.0 = Release|Any CPU
		{52307EE4-8092-4F48-A270-29D3879F2E4D}.Release|iPhone.ActiveCfg = Release|Any CPU
		{52307EE4-8092-4F48-A270-29D3879F2E4D}.Release|iPhone.Build.0 = Release|Any CPU
		{52307EE4-8092-4F48-A270-29D3879F2E4D}.Release|iPhoneSimulator.ActiveCfg = Release|Any CPU
		{52307EE4-8092-4F48-A270-29D3879F2E4D}.Release|iPhoneSimulator.Build.0 = Release|Any CPU
		{52307EE4-8092-4F48-A270-29D3879F2E4D}.Release|x64.ActiveCfg = Release|Any CPU
		{52307EE4-8092-4F48-A270-29D3879F2E4D}.Release|x64.Build.0 = Release|Any CPU
		{52307EE4-8092-4F48-A270-29D3879F2E4D}.Release|x86.ActiveCfg = Release|Any CPU
		{52307EE4-8092-4F48-A270-29D3879F2E4D}.Release|x86.Build.0 = Release|Any CPU
		{2FF354C2-9C4D-4CA7-A11D-D6D2E6539587}.Debug|Any CPU.ActiveCfg = Debug|Any CPU
		{2FF354C2-9C4D-4CA7-A11D-D6D2E6539587}.Debug|Any CPU.Build.0 = Debug|Any CPU
		{2FF354C2-9C4D-4CA7-A11D-D6D2E6539587}.Debug|ARM.ActiveCfg = Debug|Any CPU
		{2FF354C2-9C4D-4CA7-A11D-D6D2E6539587}.Debug|ARM.Build.0 = Debug|Any CPU
		{2FF354C2-9C4D-4CA7-A11D-D6D2E6539587}.Debug|iPhone.ActiveCfg = Debug|Any CPU
		{2FF354C2-9C4D-4CA7-A11D-D6D2E6539587}.Debug|iPhone.Build.0 = Debug|Any CPU
		{2FF354C2-9C4D-4CA7-A11D-D6D2E6539587}.Debug|iPhoneSimulator.ActiveCfg = Debug|Any CPU
		{2FF354C2-9C4D-4CA7-A11D-D6D2E6539587}.Debug|iPhoneSimulator.Build.0 = Debug|Any CPU
		{2FF354C2-9C4D-4CA7-A11D-D6D2E6539587}.Debug|x64.ActiveCfg = Debug|Any CPU
		{2FF354C2-9C4D-4CA7-A11D-D6D2E6539587}.Debug|x64.Build.0 = Debug|Any CPU
		{2FF354C2-9C4D-4CA7-A11D-D6D2E6539587}.Debug|x86.ActiveCfg = Debug|Any CPU
		{2FF354C2-9C4D-4CA7-A11D-D6D2E6539587}.Debug|x86.Build.0 = Debug|Any CPU
		{2FF354C2-9C4D-4CA7-A11D-D6D2E6539587}.Release|Any CPU.ActiveCfg = Release|Any CPU
		{2FF354C2-9C4D-4CA7-A11D-D6D2E6539587}.Release|Any CPU.Build.0 = Release|Any CPU
		{2FF354C2-9C4D-4CA7-A11D-D6D2E6539587}.Release|ARM.ActiveCfg = Release|Any CPU
		{2FF354C2-9C4D-4CA7-A11D-D6D2E6539587}.Release|ARM.Build.0 = Release|Any CPU
		{2FF354C2-9C4D-4CA7-A11D-D6D2E6539587}.Release|iPhone.ActiveCfg = Release|Any CPU
		{2FF354C2-9C4D-4CA7-A11D-D6D2E6539587}.Release|iPhone.Build.0 = Release|Any CPU
		{2FF354C2-9C4D-4CA7-A11D-D6D2E6539587}.Release|iPhoneSimulator.ActiveCfg = Release|Any CPU
		{2FF354C2-9C4D-4CA7-A11D-D6D2E6539587}.Release|iPhoneSimulator.Build.0 = Release|Any CPU
		{2FF354C2-9C4D-4CA7-A11D-D6D2E6539587}.Release|x64.ActiveCfg = Release|Any CPU
		{2FF354C2-9C4D-4CA7-A11D-D6D2E6539587}.Release|x64.Build.0 = Release|Any CPU
		{2FF354C2-9C4D-4CA7-A11D-D6D2E6539587}.Release|x86.ActiveCfg = Release|Any CPU
		{2FF354C2-9C4D-4CA7-A11D-D6D2E6539587}.Release|x86.Build.0 = Release|Any CPU
		{4BD79E64-19AC-44E6-BF15-3247B7388D1C}.Debug|Any CPU.ActiveCfg = Debug|Any CPU
		{4BD79E64-19AC-44E6-BF15-3247B7388D1C}.Debug|Any CPU.Build.0 = Debug|Any CPU
		{4BD79E64-19AC-44E6-BF15-3247B7388D1C}.Debug|ARM.ActiveCfg = Debug|Any CPU
		{4BD79E64-19AC-44E6-BF15-3247B7388D1C}.Debug|ARM.Build.0 = Debug|Any CPU
		{4BD79E64-19AC-44E6-BF15-3247B7388D1C}.Debug|iPhone.ActiveCfg = Debug|Any CPU
		{4BD79E64-19AC-44E6-BF15-3247B7388D1C}.Debug|iPhone.Build.0 = Debug|Any CPU
		{4BD79E64-19AC-44E6-BF15-3247B7388D1C}.Debug|iPhoneSimulator.ActiveCfg = Debug|Any CPU
		{4BD79E64-19AC-44E6-BF15-3247B7388D1C}.Debug|iPhoneSimulator.Build.0 = Debug|Any CPU
		{4BD79E64-19AC-44E6-BF15-3247B7388D1C}.Debug|x64.ActiveCfg = Debug|Any CPU
		{4BD79E64-19AC-44E6-BF15-3247B7388D1C}.Debug|x64.Build.0 = Debug|Any CPU
		{4BD79E64-19AC-44E6-BF15-3247B7388D1C}.Debug|x86.ActiveCfg = Debug|Any CPU
		{4BD79E64-19AC-44E6-BF15-3247B7388D1C}.Debug|x86.Build.0 = Debug|Any CPU
		{4BD79E64-19AC-44E6-BF15-3247B7388D1C}.Release|Any CPU.ActiveCfg = Release|Any CPU
		{4BD79E64-19AC-44E6-BF15-3247B7388D1C}.Release|Any CPU.Build.0 = Release|Any CPU
		{4BD79E64-19AC-44E6-BF15-3247B7388D1C}.Release|ARM.ActiveCfg = Release|Any CPU
		{4BD79E64-19AC-44E6-BF15-3247B7388D1C}.Release|ARM.Build.0 = Release|Any CPU
		{4BD79E64-19AC-44E6-BF15-3247B7388D1C}.Release|iPhone.ActiveCfg = Release|Any CPU
		{4BD79E64-19AC-44E6-BF15-3247B7388D1C}.Release|iPhone.Build.0 = Release|Any CPU
		{4BD79E64-19AC-44E6-BF15-3247B7388D1C}.Release|iPhoneSimulator.ActiveCfg = Release|Any CPU
		{4BD79E64-19AC-44E6-BF15-3247B7388D1C}.Release|iPhoneSimulator.Build.0 = Release|Any CPU
		{4BD79E64-19AC-44E6-BF15-3247B7388D1C}.Release|x64.ActiveCfg = Release|Any CPU
		{4BD79E64-19AC-44E6-BF15-3247B7388D1C}.Release|x64.Build.0 = Release|Any CPU
		{4BD79E64-19AC-44E6-BF15-3247B7388D1C}.Release|x86.ActiveCfg = Release|Any CPU
		{4BD79E64-19AC-44E6-BF15-3247B7388D1C}.Release|x86.Build.0 = Release|Any CPU
		{94DF5AD4-4D10-47CE-89F7-52B219B6E0AC}.Debug|Any CPU.ActiveCfg = Debug|Any CPU
		{94DF5AD4-4D10-47CE-89F7-52B219B6E0AC}.Debug|Any CPU.Build.0 = Debug|Any CPU
		{94DF5AD4-4D10-47CE-89F7-52B219B6E0AC}.Debug|ARM.ActiveCfg = Debug|Any CPU
		{94DF5AD4-4D10-47CE-89F7-52B219B6E0AC}.Debug|ARM.Build.0 = Debug|Any CPU
		{94DF5AD4-4D10-47CE-89F7-52B219B6E0AC}.Debug|iPhone.ActiveCfg = Debug|Any CPU
		{94DF5AD4-4D10-47CE-89F7-52B219B6E0AC}.Debug|iPhone.Build.0 = Debug|Any CPU
		{94DF5AD4-4D10-47CE-89F7-52B219B6E0AC}.Debug|iPhoneSimulator.ActiveCfg = Debug|Any CPU
		{94DF5AD4-4D10-47CE-89F7-52B219B6E0AC}.Debug|iPhoneSimulator.Build.0 = Debug|Any CPU
		{94DF5AD4-4D10-47CE-89F7-52B219B6E0AC}.Debug|x64.ActiveCfg = Debug|Any CPU
		{94DF5AD4-4D10-47CE-89F7-52B219B6E0AC}.Debug|x64.Build.0 = Debug|Any CPU
		{94DF5AD4-4D10-47CE-89F7-52B219B6E0AC}.Debug|x86.ActiveCfg = Debug|Any CPU
		{94DF5AD4-4D10-47CE-89F7-52B219B6E0AC}.Debug|x86.Build.0 = Debug|Any CPU
		{94DF5AD4-4D10-47CE-89F7-52B219B6E0AC}.Release|Any CPU.ActiveCfg = Release|Any CPU
		{94DF5AD4-4D10-47CE-89F7-52B219B6E0AC}.Release|Any CPU.Build.0 = Release|Any CPU
		{94DF5AD4-4D10-47CE-89F7-52B219B6E0AC}.Release|ARM.ActiveCfg = Release|Any CPU
		{94DF5AD4-4D10-47CE-89F7-52B219B6E0AC}.Release|ARM.Build.0 = Release|Any CPU
		{94DF5AD4-4D10-47CE-89F7-52B219B6E0AC}.Release|iPhone.ActiveCfg = Release|Any CPU
		{94DF5AD4-4D10-47CE-89F7-52B219B6E0AC}.Release|iPhone.Build.0 = Release|Any CPU
		{94DF5AD4-4D10-47CE-89F7-52B219B6E0AC}.Release|iPhoneSimulator.ActiveCfg = Release|Any CPU
		{94DF5AD4-4D10-47CE-89F7-52B219B6E0AC}.Release|iPhoneSimulator.Build.0 = Release|Any CPU
		{94DF5AD4-4D10-47CE-89F7-52B219B6E0AC}.Release|x64.ActiveCfg = Release|Any CPU
		{94DF5AD4-4D10-47CE-89F7-52B219B6E0AC}.Release|x64.Build.0 = Release|Any CPU
		{94DF5AD4-4D10-47CE-89F7-52B219B6E0AC}.Release|x86.ActiveCfg = Release|Any CPU
		{94DF5AD4-4D10-47CE-89F7-52B219B6E0AC}.Release|x86.Build.0 = Release|Any CPU
		{D2F86EA2-CECE-49B2-BDEB-D7BD6B1B0B7C}.Debug|Any CPU.ActiveCfg = Debug|Any CPU
		{D2F86EA2-CECE-49B2-BDEB-D7BD6B1B0B7C}.Debug|Any CPU.Build.0 = Debug|Any CPU
		{D2F86EA2-CECE-49B2-BDEB-D7BD6B1B0B7C}.Debug|ARM.ActiveCfg = Debug|Any CPU
		{D2F86EA2-CECE-49B2-BDEB-D7BD6B1B0B7C}.Debug|ARM.Build.0 = Debug|Any CPU
		{D2F86EA2-CECE-49B2-BDEB-D7BD6B1B0B7C}.Debug|iPhone.ActiveCfg = Debug|Any CPU
		{D2F86EA2-CECE-49B2-BDEB-D7BD6B1B0B7C}.Debug|iPhone.Build.0 = Debug|Any CPU
		{D2F86EA2-CECE-49B2-BDEB-D7BD6B1B0B7C}.Debug|iPhoneSimulator.ActiveCfg = Debug|Any CPU
		{D2F86EA2-CECE-49B2-BDEB-D7BD6B1B0B7C}.Debug|iPhoneSimulator.Build.0 = Debug|Any CPU
		{D2F86EA2-CECE-49B2-BDEB-D7BD6B1B0B7C}.Debug|x64.ActiveCfg = Debug|Any CPU
		{D2F86EA2-CECE-49B2-BDEB-D7BD6B1B0B7C}.Debug|x64.Build.0 = Debug|Any CPU
		{D2F86EA2-CECE-49B2-BDEB-D7BD6B1B0B7C}.Debug|x86.ActiveCfg = Debug|Any CPU
		{D2F86EA2-CECE-49B2-BDEB-D7BD6B1B0B7C}.Debug|x86.Build.0 = Debug|Any CPU
		{D2F86EA2-CECE-49B2-BDEB-D7BD6B1B0B7C}.Release|Any CPU.ActiveCfg = Release|Any CPU
		{D2F86EA2-CECE-49B2-BDEB-D7BD6B1B0B7C}.Release|Any CPU.Build.0 = Release|Any CPU
		{D2F86EA2-CECE-49B2-BDEB-D7BD6B1B0B7C}.Release|ARM.ActiveCfg = Release|Any CPU
		{D2F86EA2-CECE-49B2-BDEB-D7BD6B1B0B7C}.Release|ARM.Build.0 = Release|Any CPU
		{D2F86EA2-CECE-49B2-BDEB-D7BD6B1B0B7C}.Release|iPhone.ActiveCfg = Release|Any CPU
		{D2F86EA2-CECE-49B2-BDEB-D7BD6B1B0B7C}.Release|iPhone.Build.0 = Release|Any CPU
		{D2F86EA2-CECE-49B2-BDEB-D7BD6B1B0B7C}.Release|iPhoneSimulator.ActiveCfg = Release|Any CPU
		{D2F86EA2-CECE-49B2-BDEB-D7BD6B1B0B7C}.Release|iPhoneSimulator.Build.0 = Release|Any CPU
		{D2F86EA2-CECE-49B2-BDEB-D7BD6B1B0B7C}.Release|x64.ActiveCfg = Release|Any CPU
		{D2F86EA2-CECE-49B2-BDEB-D7BD6B1B0B7C}.Release|x64.Build.0 = Release|Any CPU
		{D2F86EA2-CECE-49B2-BDEB-D7BD6B1B0B7C}.Release|x86.ActiveCfg = Release|Any CPU
		{D2F86EA2-CECE-49B2-BDEB-D7BD6B1B0B7C}.Release|x86.Build.0 = Release|Any CPU
	EndGlobalSection
	GlobalSection(SolutionProperties) = preSolution
		HideSolutionNode = FALSE
	EndGlobalSection
	GlobalSection(ExtensibilityGlobals) = postSolution
		SolutionGuid = {C0DB5618-BCAD-4EDD-9665-B3B0BF0AF0A6}
	EndGlobalSection
	GlobalSection(MonoDevelopProperties) = preSolution
		version = 1.0
	EndGlobalSection
EndGlobal
